
Microsoft Visual Studio Solution File, Format Version 12.00
# Visual Studio Version 16
VisualStudioVersion = 16.0.29613.14
MinimumVisualStudioVersion = 10.0.40219.1
Project("{9A19103F-16F7-4668-BE54-9A1E7A4F7556}") = "Core", "Core.csproj", "{5433039A-1FC4-4CFF-9627-3737FFD6B7D6}"
EndProject
Project("{9A19103F-16F7-4668-BE54-9A1E7A4F7556}") = "Core.Wpf", "..\Core.Wpf\Core.Wpf.csproj", "{A5C48D45-BD63-46E1-9B9F-4A32DBB639CF}"
EndProject
Project("{9A19103F-16F7-4668-BE54-9A1E7A4F7556}") = "DependencyInjection", "..\DependencyInjection\DependencyInjection.csproj", "{B0F42EA3-3CE8-4896-85A1-71D42CE09A50}"
EndProject
Global
	GlobalSection(SolutionConfigurationPlatforms) = preSolution
		Debug|Any CPU = Debug|Any CPU
		Debug|x86 = Debug|x86
		Release|Any CPU = Release|Any CPU
		Release|x86 = Release|x86
	EndGlobalSection
	GlobalSection(ProjectConfigurationPlatforms) = postSolution
		{5433039A-1FC4-4CFF-9627-3737FFD6B7D6}.Debug|Any CPU.ActiveCfg = Debug|Any CPU
		{5433039A-1FC4-4CFF-9627-3737FFD6B7D6}.Debug|Any CPU.Build.0 = Debug|Any CPU
		{5433039A-1FC4-4CFF-9627-3737FFD6B7D6}.Debug|x86.ActiveCfg = Debug|x86
		{5433039A-1FC4-4CFF-9627-3737FFD6B7D6}.Debug|x86.Build.0 = Debug|x86
		{5433039A-1FC4-4CFF-9627-3737FFD6B7D6}.Release|Any CPU.ActiveCfg = Release|Any CPU
		{5433039A-1FC4-4CFF-9627-3737FFD6B7D6}.Release|Any CPU.Build.0 = Release|Any CPU
		{5433039A-1FC4-4CFF-9627-3737FFD6B7D6}.Release|x86.ActiveCfg = Release|x86
		{5433039A-1FC4-4CFF-9627-3737FFD6B7D6}.Release|x86.Build.0 = Release|x86
		{A5C48D45-BD63-46E1-9B9F-4A32DBB639CF}.Debug|Any CPU.ActiveCfg = Debug|Any CPU
		{A5C48D45-BD63-46E1-9B9F-4A32DBB639CF}.Debug|Any CPU.Build.0 = Debug|Any CPU
		{A5C48D45-BD63-46E1-9B9F-4A32DBB639CF}.Debug|x86.ActiveCfg = Debug|x86
		{A5C48D45-BD63-46E1-9B9F-4A32DBB639CF}.Debug|x86.Build.0 = Debug|x86
		{A5C48D45-BD63-46E1-9B9F-4A32DBB639CF}.Release|Any CPU.ActiveCfg = Release|Any CPU
		{A5C48D45-BD63-46E1-9B9F-4A32DBB639CF}.Release|Any CPU.Build.0 = Release|Any CPU
		{A5C48D45-BD63-46E1-9B9F-4A32DBB639CF}.Release|x86.ActiveCfg = Release|x86
		{A5C48D45-BD63-46E1-9B9F-4A32DBB639CF}.Release|x86.Build.0 = Release|x86
		{B0F42EA3-3CE8-4896-85A1-71D42CE09A50}.Debug|Any CPU.ActiveCfg = Debug|Any CPU
		{B0F42EA3-3CE8-4896-85A1-71D42CE09A50}.Debug|Any CPU.Build.0 = Debug|Any CPU
		{B0F42EA3-3CE8-4896-85A1-71D42CE09A50}.Debug|x86.ActiveCfg = Debug|x86
		{B0F42EA3-3CE8-4896-85A1-71D42CE09A50}.Debug|x86.Build.0 = Debug|x86
		{B0F42EA3-3CE8-4896-85A1-71D42CE09A50}.Release|Any CPU.ActiveCfg = Release|Any CPU
		{B0F42EA3-3CE8-4896-85A1-71D42CE09A50}.Release|Any CPU.Build.0 = Release|Any CPU
		{B0F42EA3-3CE8-4896-85A1-71D42CE09A50}.Release|x86.ActiveCfg = Release|x86
		{B0F42EA3-3CE8-4896-85A1-71D42CE09A50}.Release|x86.Build.0 = Release|x86
	EndGlobalSection
	GlobalSection(SolutionProperties) = preSolution
		HideSolutionNode = FALSE
	EndGlobalSection
	GlobalSection(ExtensibilityGlobals) = postSolution
		SolutionGuid = {D7B88D75-F832-4799-84D2-92C6C43640C5}
	EndGlobalSection
EndGlobal
